{
  "version": 4,
  "terraform_version": "1.14.9",
  "serial": 7,
  "lineage": "c6d2d4b5-261e-1069-8a5c-19d65fce1b5f",
  "outputs": {
    "bucket_name": {
      "value": "ecommerce-tf-pipeline",
      "type": "string"
    },
    "dataset_id": {
      "value": "ecommerce_tf",
      "type": "string"
    },
    "service_account_email": {
      "value": "pipeline-sa-tf@ecommerce-pipeline-490613.iam.gserviceaccount.com",
      "type": "string"
    }
  },
  "resources": [
    {
      "mode": "managed",
      "type": "google_bigquery_dataset",
      "name": "ecommerce",
      "provider": "provider[\"registry.terraform.io/hashicorp/google\"]",
      "instances": [
        {
          "schema_version": 0,
          "attributes": {
            "access": [
              {
                "dataset": [],
                "domain": "",
                "group_by_email": "",
                "iam_member": "",
                "role": "OWNER",
                "routine": [],
                "special_group": "",
                "user_by_email": "personalcloudtrials@gmail.com",
                "view": []
              },
              {
                "dataset": [],
                "domain": "",
                "group_by_email": "",
                "iam_member": "",
                "role": "OWNER",
                "routine": [],
                "special_group": "projectOwners",
                "user_by_email": "",
                "view": []
              },
              {
                "dataset": [],
                "domain": "",
                "group_by_email": "",
                "iam_member": "",
                "role": "READER",
                "routine": [],
                "special_group": "projectReaders",
                "user_by_email": "",
                "view": []
              },
              {
                "dataset": [],
                "domain": "",
                "group_by_email": "",
                "iam_member": "",
                "role": "WRITER",
                "routine": [],
                "special_group": "projectWriters",
                "user_by_email": "",
                "view": []
              }
            ],
            "creation_time": 1776955041861,
            "dataset_id": "ecommerce_tf",
            "default_collation": "",
            "default_encryption_configuration": [],
            "default_partition_expiration_ms": 0,
            "default_table_expiration_ms": 0,
            "delete_contents_on_destroy": false,
            "description": "",
            "effective_labels": {},
            "etag": "9aUV+DReW7HR95ExQqs9Kg==",
            "external_dataset_reference": [],
            "friendly_name": "",
            "id": "projects/ecommerce-pipeline-490613/datasets/ecommerce_tf",
            "is_case_insensitive": false,
            "labels": {},
            "last_modified_time": 1776955041861,
            "location": "asia-south1",
            "max_time_travel_hours": "168",
            "project": "ecommerce-pipeline-490613",
            "resource_tags": {},
            "self_link": "https://bigquery.googleapis.com/bigquery/v2/projects/ecommerce-pipeline-490613/datasets/ecommerce_tf",
            "storage_billing_model": "",
            "terraform_labels": {},
            "timeouts": null
          },
          "sensitive_attributes": [],
          "identity_schema_version": 0,
          "private": "eyJlMmJmYjczMC1lY2FhLTExZTYtOGY4OC0zNDM2M2JjN2M0YzAiOnsiY3JlYXRlIjoxMjAwMDAwMDAwMDAwLCJkZWxldGUiOjEyMDAwMDAwMDAwMDAsInVwZGF0ZSI6MTIwMDAwMDAwMDAwMH19"
        }
      ]
    },
    {
      "mode": "managed",
      "type": "google_project_iam_member",
      "name": "bq_editor",
      "provider": "provider[\"registry.terraform.io/hashicorp/google\"]",
      "instances": [
        {
          "schema_version": 0,
          "attributes": {
            "condition": [],
            "etag": "BwZQIZc8adI=",
            "id": "ecommerce-pipeline-490613/roles/bigquery.dataEditor/serviceAccount:pipeline-sa-tf@ecommerce-pipeline-490613.iam.gserviceaccount.com",
            "member": "serviceAccount:pipeline-sa-tf@ecommerce-pipeline-490613.iam.gserviceaccount.com",
            "project": "ecommerce-pipeline-490613",
            "role": "roles/bigquery.dataEditor"
          },
          "sensitive_attributes": [],
          "identity_schema_version": 0,
          "private": "bnVsbA==",
          "dependencies": [
            "google_service_account.pipeline_sa"
          ]
        }
      ]
    },
    {
      "mode": "managed",
      "type": "google_service_account",
      "name": "pipeline_sa",
      "provider": "provider[\"registry.terraform.io/hashicorp/google\"]",
      "instances": [
        {
          "schema_version": 0,
          "attributes": {
            "account_id": "pipeline-sa-tf",
            "create_ignore_already_exists": null,
            "description": "",
            "disabled": false,
            "display_name": "Pipeline Service Account (Terraform)",
            "email": "pipeline-sa-tf@ecommerce-pipeline-490613.iam.gserviceaccount.com",
            "id": "projects/ecommerce-pipeline-490613/serviceAccounts/pipeline-sa-tf@ecommerce-pipeline-490613.iam.gserviceaccount.com",
            "member": "serviceAccount:pipeline-sa-tf@ecommerce-pipeline-490613.iam.gserviceaccount.com",
            "name": "projects/ecommerce-pipeline-490613/serviceAccounts/pipeline-sa-tf@ecommerce-pipeline-490613.iam.gserviceaccount.com",
            "project": "ecommerce-pipeline-490613",
            "timeouts": null,
            "unique_id": "114319050161617822503"
          },
          "sensitive_attributes": [],
          "identity_schema_version": 0,
          "private": "eyJlMmJmYjczMC1lY2FhLTExZTYtOGY4OC0zNDM2M2JjN2M0YzAiOnsiY3JlYXRlIjozMDAwMDAwMDAwMDB9fQ=="
        }
      ]
    },
    {
      "mode": "managed",
      "type": "google_storage_bucket",
      "name": "pipeline_bucket",
      "provider": "provider[\"registry.terraform.io/hashicorp/google\"]",
      "instances": [
        {
          "schema_version": 2,
          "attributes": {
            "autoclass": [],
            "cors": [],
            "custom_placement_config": [],
            "default_event_based_hold": false,
            "effective_labels": {
              "environment": "dev",
              "project": "ecommerce-pipeline"
            },
            "enable_object_retention": false,
            "encryption": [],
            "force_destroy": true,
            "id": "ecommerce-tf-pipeline",
            "labels": {
              "environment": "dev",
              "project": "ecommerce-pipeline"
            },
            "lifecycle_rule": [],
            "location": "ASIA-SOUTH1",
            "logging": [],
            "name": "ecommerce-tf-pipeline",
            "project": "ecommerce-pipeline-490613",
            "project_number": 367486802368,
            "public_access_prevention": "inherited",
            "requester_pays": false,
            "retention_policy": [],
            "rpo": null,
            "self_link": "https://www.googleapis.com/storage/v1/b/ecommerce-tf-pipeline",
            "soft_delete_policy": [
              {
                "effective_time": "2026-04-23T14:37:23.118Z",
                "retention_duration_seconds": 604800
              }
            ],
            "storage_class": "STANDARD",
            "terraform_labels": {
              "environment": "dev",
              "project": "ecommerce-pipeline"
            },
            "timeouts": null,
            "uniform_bucket_level_access": false,
            "url": "gs://ecommerce-tf-pipeline",
            "versioning": [],
            "website": []
          },
          "sensitive_attributes": [],
          "identity_schema_version": 0,
          "private": "eyJlMmJmYjczMC1lY2FhLTExZTYtOGY4OC0zNDM2M2JjN2M0YzAiOnsiY3JlYXRlIjo2MDAwMDAwMDAwMDAsInJlYWQiOjI0MDAwMDAwMDAwMCwidXBkYXRlIjoyNDAwMDAwMDAwMDB9LCJzY2hlbWFfdmVyc2lvbiI6IjIifQ=="
        }
      ]
    }
  ],
  "check_results": null
}
